
Microsoft Visual Studio Solution File, Format Version 9.00
# Visual Studio 2005
Project("{FAE04EC0-301F-11D3-BF4B-00C04F79EFBC}") = "DocsByReflectionDemo", "DocsByReflectionDemo.csproj", "{DBC21688-6603-478A-8662-FD4BA49E880C}"
EndProject
Project("{FAE04EC0-301F-11D3-BF4B-00C04F79EFBC}") = "DocsByReflection", "..\DocsByReflection\DocsByReflection.csproj", "{B8873F51-9F40-4CA8-BCF8-88A2AD97823C}"
EndProject
Global
	GlobalSection(SolutionConfigurationPlatforms) = preSolution
		Debug|Any CPU = Debug|Any CPU
		Release|Any CPU = Release|Any CPU
	EndGlobalSection
	GlobalSection(ProjectConfigurationPlatforms) = postSolution
		{DBC21688-6603-478A-8662-FD4BA49E880C}.Debug|Any CPU.ActiveCfg = Debug|Any CPU
		{DBC21688-6603-478A-8662-FD4BA49E880C}.Debug|Any CPU.Build.0 = Debug|Any CPU
		{DBC21688-6603-478A-8662-FD4BA49E880C}.Release|Any CPU.ActiveCfg = Release|Any CPU
		{DBC21688-6603-478A-8662-FD4BA49E880C}.Release|Any CPU.Build.0 = Release|Any CPU
		{B8873F51-9F40-4CA8-BCF8-88A2AD97823C}.Debug|Any CPU.ActiveCfg = Debug|Any CPU
		{B8873F51-9F40-4CA8-BCF8-88A2AD97823C}.Debug|Any CPU.Build.0 = Debug|Any CPU
		{B8873F51-9F40-4CA8-BCF8-88A2AD97823C}.Release|Any CPU.ActiveCfg = Release|Any CPU
		{B8873F51-9F40-4CA8-BCF8-88A2AD97823C}.Release|Any CPU.Build.0 = Release|Any CPU
	EndGlobalSection
	GlobalSection(SolutionProperties) = preSolution
		HideSolutionNode = FALSE
	EndGlobalSection
EndGlobal
